{
  "version": 4,
  "terraform_version": "1.5.4",
  "serial": 13,
  "lineage": "86aa44cf-9367-c8e5-b0f7-15a369c5191f",
  "outputs": {},
  "resources": [
    {
      "mode": "managed",
      "type": "google_compute_firewall",
      "name": "jenkins_firewall",
      "provider": "provider[\"registry.terraform.io/hashicorp/google\"]",
      "instances": [
        {
          "schema_version": 1,
          "attributes": {
            "allow": [
              {
                "ports": [
                  "8080"
                ],
                "protocol": "tcp"
              }
            ],
            "creation_timestamp": "2023-08-10T05:07:57.143-07:00",
            "deny": [],
            "description": "",
            "destination_ranges": [],
            "direction": "INGRESS",
            "disabled": false,
            "enable_logging": null,
            "id": "projects/flask-academic/global/firewalls/jenkins-firewall",
            "log_config": [],
            "name": "jenkins-firewall",
            "network": "https://www.googleapis.com/compute/v1/projects/flask-academic/global/networks/default",
            "priority": 1000,
            "project": "flask-academic",
            "self_link": "https://www.googleapis.com/compute/v1/projects/flask-academic/global/firewalls/jenkins-firewall",
            "source_ranges": [
              "0.0.0.0/0"
            ],
            "source_service_accounts": [],
            "source_tags": [],
            "target_service_accounts": [],
            "target_tags": [
              "http-server",
              "https-server"
            ],
            "timeouts": null
          },
          "sensitive_attributes": [],
          "private": "eyJlMmJmYjczMC1lY2FhLTExZTYtOGY4OC0zNDM2M2JjN2M0YzAiOnsiY3JlYXRlIjoxMjAwMDAwMDAwMDAwLCJkZWxldGUiOjEyMDAwMDAwMDAwMDAsInVwZGF0ZSI6MTIwMDAwMDAwMDAwMH0sInNjaGVtYV92ZXJzaW9uIjoiMSJ9",
          "dependencies": [
            "google_compute_instance.jenkins_vm"
          ]
        }
      ]
    },
    {
      "mode": "managed",
      "type": "google_compute_instance",
      "name": "jenkins_vm",
      "provider": "provider[\"registry.terraform.io/hashicorp/google\"]",
      "instances": [
        {
          "schema_version": 6,
          "attributes": {
            "advanced_machine_features": [],
            "allow_stopping_for_update": null,
            "attached_disk": [],
            "boot_disk": [
              {
                "auto_delete": true,
                "device_name": "persistent-disk-0",
                "disk_encryption_key_raw": "",
                "disk_encryption_key_sha256": "",
                "initialize_params": [
                  {
                    "image": "https://www.googleapis.com/compute/v1/projects/ubuntu-os-cloud/global/images/ubuntu-2004-focal-v20230724",
                    "labels": {},
                    "resource_manager_tags": null,
                    "size": 10,
                    "type": "pd-standard"
                  }
                ],
                "kms_key_self_link": "",
                "mode": "READ_WRITE",
                "source": "https://www.googleapis.com/compute/v1/projects/flask-academic/zones/europe-west1-b/disks/jenkins-instance"
              }
            ],
            "can_ip_forward": false,
            "confidential_instance_config": [],
            "cpu_platform": "Intel Haswell",
            "current_status": "RUNNING",
            "deletion_protection": false,
            "description": "",
            "desired_status": null,
            "enable_display": false,
            "guest_accelerator": [],
            "hostname": "",
            "id": "projects/flask-academic/zones/europe-west1-b/instances/jenkins-instance",
            "instance_id": "2243922851087867453",
            "label_fingerprint": "42WmSpB8rSM=",
            "labels": null,
            "machine_type": "n1-standard-1",
            "metadata": null,
            "metadata_fingerprint": "5W6KRkC5L7Y=",
            "metadata_startup_script": "#!/bin/bash\nsudo apt-get update\nsudo apt-get install -y default-jre\n\nwget -q -O - https://pkg.jenkins.io/debian/jenkins.io.key | sudo apt-key add -\nsudo sh -c 'echo deb http://pkg.jenkins.io/debian-stable binary/ \u003e /etc/apt/sources.list.d/jenkins.list'\n\nsudo apt-get update\nsudo apt-get install -y jenkins\n",
            "min_cpu_platform": "",
            "name": "jenkins-instance",
            "network_interface": [
              {
                "access_config": [
                  {
                    "nat_ip": "34.22.252.167",
                    "network_tier": "PREMIUM",
                    "public_ptr_domain_name": ""
                  }
                ],
                "alias_ip_range": [],
                "ipv6_access_config": [],
                "ipv6_access_type": "",
                "name": "nic0",
                "network": "https://www.googleapis.com/compute/v1/projects/flask-academic/global/networks/default",
                "network_ip": "10.132.0.13",
                "nic_type": "",
                "queue_count": 0,
                "stack_type": "IPV4_ONLY",
                "subnetwork": "https://www.googleapis.com/compute/v1/projects/flask-academic/regions/europe-west1/subnetworks/default",
                "subnetwork_project": "flask-academic"
              }
            ],
            "network_performance_config": [],
            "params": [],
            "project": "flask-academic",
            "reservation_affinity": [],
            "resource_policies": null,
            "scheduling": [
              {
                "automatic_restart": true,
                "instance_termination_action": "",
                "local_ssd_recovery_timeout": [],
                "min_node_cpus": 0,
                "node_affinities": [],
                "on_host_maintenance": "MIGRATE",
                "preemptible": false,
                "provisioning_model": "STANDARD"
              }
            ],
            "scratch_disk": [],
            "self_link": "https://www.googleapis.com/compute/v1/projects/flask-academic/zones/europe-west1-b/instances/jenkins-instance",
            "service_account": [],
            "shielded_instance_config": [
              {
                "enable_integrity_monitoring": true,
                "enable_secure_boot": false,
                "enable_vtpm": true
              }
            ],
            "tags": [
              "http-server",
              "https-server"
            ],
            "tags_fingerprint": "6smc4R4d39I=",
            "timeouts": null,
            "zone": "europe-west1-b"
          },
          "sensitive_attributes": [],
          "private": "eyJlMmJmYjczMC1lY2FhLTExZTYtOGY4OC0zNDM2M2JjN2M0YzAiOnsiY3JlYXRlIjoxMjAwMDAwMDAwMDAwLCJkZWxldGUiOjEyMDAwMDAwMDAwMDAsInVwZGF0ZSI6MTIwMDAwMDAwMDAwMH0sInNjaGVtYV92ZXJzaW9uIjoiNiJ9"
        }
      ]
    },
    {
      "mode": "managed",
      "type": "google_container_cluster",
      "name": "gke_cluster",
      "provider": "provider[\"registry.terraform.io/hashicorp/google\"]",
      "instances": [
        {
          "schema_version": 1,
          "attributes": {
            "addons_config": [
              {
                "cloudrun_config": [],
                "config_connector_config": [],
                "dns_cache_config": [],
                "gce_persistent_disk_csi_driver_config": [
                  {
                    "enabled": true
                  }
                ],
                "gcp_filestore_csi_driver_config": [],
                "gcs_fuse_csi_driver_config": [],
                "gke_backup_agent_config": [],
                "horizontal_pod_autoscaling": [],
                "http_load_balancing": [],
                "network_policy_config": [
                  {
                    "disabled": true
                  }
                ]
              }
            ],
            "allow_net_admin": null,
            "authenticator_groups_config": [],
            "binary_authorization": [
              {
                "enabled": false,
                "evaluation_mode": ""
              }
            ],
            "cluster_autoscaling": [
              {
                "auto_provisioning_defaults": [],
                "enabled": false,
                "resource_limits": []
              }
            ],
            "cluster_ipv4_cidr": "10.0.0.0/14",
            "confidential_nodes": [],
            "cost_management_config": [],
            "database_encryption": [
              {
                "key_name": "",
                "state": "DECRYPTED"
              }
            ],
            "datapath_provider": "",
            "default_max_pods_per_node": null,
            "default_snat_status": [
              {
                "disabled": false
              }
            ],
            "description": "",
            "dns_config": [],
            "enable_autopilot": false,
            "enable_binary_authorization": false,
            "enable_intranode_visibility": false,
            "enable_k8s_beta_apis": [],
            "enable_kubernetes_alpha": false,
            "enable_l4_ilb_subsetting": false,
            "enable_legacy_abac": false,
            "enable_shielded_nodes": true,
            "enable_tpu": false,
            "endpoint": "35.195.153.208",
            "gateway_api_config": [],
            "id": "projects/flask-academic/locations/europe-west1-b/clusters/my-gke-cluster",
            "initial_node_count": 3,
            "ip_allocation_policy": [],
            "label_fingerprint": "a9dc16a7",
            "location": "europe-west1-b",
            "logging_config": [
              {
                "enable_components": [
                  "SYSTEM_COMPONENTS",
                  "WORKLOADS"
                ]
              }
            ],
            "logging_service": "logging.googleapis.com/kubernetes",
            "maintenance_policy": [],
            "master_auth": [
              {
                "client_certificate": "",
                "client_certificate_config": [
                  {
                    "issue_client_certificate": false
                  }
                ],
                "client_key": "",
                "cluster_ca_certificate": "LS0tLS1CRUdJTiBDRVJUSUZJQ0FURS0tLS0tCk1JSUVMRENDQXBTZ0F3SUJBZ0lRRkpmMnJFQy9aRWVteWlHYjJtSmh2REFOQmdrcWhraUc5dzBCQVFzRkFEQXYKTVMwd0t3WURWUVFERXlRNU9Ea3hZakE0T0MwMlpESXlMVFF5TUdVdE9EWmhNUzB5WTJJMFlXVmtNRFF6TVRRdwpJQmNOTWpNd09EQTVNVE14TURRM1doZ1BNakExTXpBNE1ERXhOREV3TkRkYU1DOHhMVEFyQmdOVkJBTVRKRGs0Ck9URmlNRGc0TFRaa01qSXROREl3WlMwNE5tRXhMVEpqWWpSaFpXUXdORE14TkRDQ0FhSXdEUVlKS29aSWh2Y04KQVFFQkJRQURnZ0dQQURDQ0FZb0NnZ0dCQU5yRXc2WGRUdjZCSllwSDhReG9VN05KZHZJckt4VlVsZSs0aVhzYQpQaFU5QTRtNnRRR2ozZHI5MU1EOWtucDZ4cHBjZ2hwVlZDeEQ3VGd1bm9ES1BIcFBZMVNkNXYrUGJ2RDgxbjhBCmRPK25wakt1SEp1L1hyTVZuYzJxZG9tUmd0RFV6dHFtNi9XUE0zQXlhUE1SL0VpY0dZK1RLeGg4ZlN2cW1KSUkKM21ZZVRKQko4WCtPd2xPaDd0enYrQ3hFOTJzWlRNQWs2bVpsb2MrT2pGM1NxYnd6SDlMWWZQVXMxemFrQ2t0awpwbzY5WFJ1elB0cEx5L0FhQ2NVQkx3aTBpSDdHd20yamVadmV6LzdIYlpMRWFITVVwKzI1dkRtbkhEeTRqL24zCm5qVXczeENyL1U4YW1BSWl5K2ZPOFpzZDI5ZHYvaDkwL1BWQkE0NnJ1dTE1VGxvcWVXNkdmTmlkbTB2K2Z1UXQKRVVaeGE0RktSYm9LS3JhUWxUME00b2F2L0tKUmNWcGw1cEVzaG9DT2MydVBlTU8rUW1qU3VydjFLUElhUzM4ZQpsSG1kK0NabWliYUowUTg3ckE1RG52WVVkcGQrekhkMm1PL1p2bnRuVlpRK3AwQVlFU2VQeVdYTVM3SEVQbUpyClo5ZzU2OGtMbGRBMm1Ma0thV1hEY05HTjFRSURBUUFCbzBJd1FEQU9CZ05WSFE4QkFmOEVCQU1DQWdRd0R3WUQKVlIwVEFRSC9CQVV3QXdFQi96QWRCZ05WSFE0RUZnUVV2OERQb0E2anpUc1V2SUJidGo2cnl2REhvajh3RFFZSgpLb1pJaHZjTkFRRUxCUUFEZ2dHQkFBNnBHRmFWWGhUVUZyUVFYU1FUTGdST29lbWxNLzhzd3N0bXFmZUxmei9JCkJKOVU5L1Ria0p0aXJUOGRFdXlDcDRodm11bSswaVNKVUdZdDRCb3EzcE9ZbDhiTG9Zcnl5VndrZXArSUdNUVEKWTBaSG5tbU0yZEF1VTV5KzkzRWZ4bnRCaHdqMDc2KzJpazZTWHBaQ1VybjYvaXlWUzdYSmdEaUZDcU5iWVNaLwo3RE95NWppYmFWeFRzemFvb3g5SVRCT1FyZWh3UlhkWEpKWEpGSFdta3h0Zm5KbXlnQ3pISytCN3VxY2VsTVZQCkh1V0EzNkZOSnpsTGhtZ1g5WWtyQ3dNcnN0cE5PS2RZOHBsQWc2NlZiUyttQ2pFT2lhZmVVdFFKc2Z3V25qcmwKRlJjdGlkcWczRGRZMjZGckcrMzZwWlJweEFSN2VRRzdxRnIxVERWU0tpSGZCSEdlK29pSVN4TGQrZUgvNnY4bwpQam1mK3lYdGFTcW53cm82MmRzS3JOSVBudGhDc3E4QXZ1YkZQM1dWZDdyYVBzZEFmNWVPVGVoSkY0amd1cWNFCmorNERkcUJqTnFVUzFmRDVMbDNpRFZRSUZtT3FIR3pTVVpOWENuN0YrNmxJbndUT3h0cUg0M2NEdXRQcEc5TEEKUGx5MnRoNjIvNnZhUUd6T3dMUkV0dz09Ci0tLS0tRU5EIENFUlRJRklDQVRFLS0tLS0K"
              }
            ],
            "master_authorized_networks_config": [],
            "master_version": "1.27.3-gke.100",
            "mesh_certificates": [],
            "min_master_version": null,
            "monitoring_config": [
              {
                "enable_components": [
                  "SYSTEM_COMPONENTS"
                ],
                "managed_prometheus": [
                  {
                    "enabled": true
                  }
                ]
              }
            ],
            "monitoring_service": "monitoring.googleapis.com/kubernetes",
            "name": "my-gke-cluster",
            "network": "projects/flask-academic/global/networks/default",
            "network_policy": [
              {
                "enabled": false,
                "provider": "PROVIDER_UNSPECIFIED"
              }
            ],
            "networking_mode": "ROUTES",
            "node_config": [
              {
                "advanced_machine_features": [],
                "boot_disk_kms_key": "",
                "disk_size_gb": 100,
                "disk_type": "pd-balanced",
                "ephemeral_storage_local_ssd_config": [],
                "gcfs_config": [],
                "guest_accelerator": [],
                "gvnic": [],
                "host_maintenance_policy": [],
                "image_type": "COS_CONTAINERD",
                "kubelet_config": [],
                "labels": {},
                "linux_node_config": [],
                "local_nvme_ssd_block_config": [],
                "local_ssd_count": 0,
                "logging_variant": "DEFAULT",
                "machine_type": "e2-medium",
                "metadata": {
                  "disable-legacy-endpoints": "true"
                },
                "min_cpu_platform": "",
                "node_group": "",
                "oauth_scopes": [
                  "https://www.googleapis.com/auth/devstorage.read_only",
                  "https://www.googleapis.com/auth/logging.write",
                  "https://www.googleapis.com/auth/monitoring",
                  "https://www.googleapis.com/auth/service.management.readonly",
                  "https://www.googleapis.com/auth/servicecontrol",
                  "https://www.googleapis.com/auth/trace.append"
                ],
                "preemptible": false,
                "reservation_affinity": [],
                "resource_labels": {},
                "service_account": "default",
                "shielded_instance_config": [
                  {
                    "enable_integrity_monitoring": true,
                    "enable_secure_boot": false
                  }
                ],
                "sole_tenant_config": [],
                "spot": false,
                "tags": [],
                "taint": [],
                "workload_metadata_config": []
              }
            ],
            "node_locations": [],
            "node_pool": [
              {
                "autoscaling": [],
                "initial_node_count": 3,
                "instance_group_urls": [
                  "https://www.googleapis.com/compute/v1/projects/flask-academic/zones/europe-west1-b/instanceGroupManagers/gke-my-gke-cluster-default-pool-55a837e9-grp"
                ],
                "managed_instance_group_urls": [
                  "https://www.googleapis.com/compute/v1/projects/flask-academic/zones/europe-west1-b/instanceGroups/gke-my-gke-cluster-default-pool-55a837e9-grp"
                ],
                "management": [
                  {
                    "auto_repair": true,
                    "auto_upgrade": true
                  }
                ],
                "max_pods_per_node": 0,
                "name": "default-pool",
                "name_prefix": "",
                "network_config": [
                  {
                    "create_pod_range": false,
                    "enable_private_nodes": false,
                    "pod_cidr_overprovision_config": [],
                    "pod_ipv4_cidr_block": "",
                    "pod_range": ""
                  }
                ],
                "node_config": [
                  {
                    "advanced_machine_features": [],
                    "boot_disk_kms_key": "",
                    "disk_size_gb": 100,
                    "disk_type": "pd-balanced",
                    "ephemeral_storage_local_ssd_config": [],
                    "gcfs_config": [],
                    "guest_accelerator": [],
                    "gvnic": [],
                    "host_maintenance_policy": [],
                    "image_type": "COS_CONTAINERD",
                    "kubelet_config": [],
                    "labels": {},
                    "linux_node_config": [],
                    "local_nvme_ssd_block_config": [],
                    "local_ssd_count": 0,
                    "logging_variant": "DEFAULT",
                    "machine_type": "e2-medium",
                    "metadata": {
                      "disable-legacy-endpoints": "true"
                    },
                    "min_cpu_platform": "",
                    "node_group": "",
                    "oauth_scopes": [
                      "https://www.googleapis.com/auth/devstorage.read_only",
                      "https://www.googleapis.com/auth/logging.write",
                      "https://www.googleapis.com/auth/monitoring",
                      "https://www.googleapis.com/auth/service.management.readonly",
                      "https://www.googleapis.com/auth/servicecontrol",
                      "https://www.googleapis.com/auth/trace.append"
                    ],
                    "preemptible": false,
                    "reservation_affinity": [],
                    "resource_labels": {},
                    "service_account": "default",
                    "shielded_instance_config": [
                      {
                        "enable_integrity_monitoring": true,
                        "enable_secure_boot": false
                      }
                    ],
                    "sole_tenant_config": [],
                    "spot": false,
                    "tags": [],
                    "taint": [],
                    "workload_metadata_config": []
                  }
                ],
                "node_count": 3,
                "node_locations": [
                  "europe-west1-b"
                ],
                "placement_policy": [],
                "upgrade_settings": [
                  {
                    "blue_green_settings": [],
                    "max_surge": 1,
                    "max_unavailable": 0,
                    "strategy": "SURGE"
                  }
                ],
                "version": "1.27.3-gke.100"
              }
            ],
            "node_pool_defaults": [
              {
                "node_config_defaults": [
                  {
                    "logging_variant": "DEFAULT"
                  }
                ]
              }
            ],
            "node_version": "1.27.3-gke.100",
            "notification_config": [
              {
                "pubsub": [
                  {
                    "enabled": false,
                    "filter": [],
                    "topic": ""
                  }
                ]
              }
            ],
            "operation": null,
            "private_cluster_config": [
              {
                "enable_private_endpoint": false,
                "enable_private_nodes": false,
                "master_global_access_config": [
                  {
                    "enabled": false
                  }
                ],
                "master_ipv4_cidr_block": "",
                "peering_name": "",
                "private_endpoint": "10.132.0.2",
                "private_endpoint_subnetwork": "",
                "public_endpoint": "35.195.153.208"
              }
            ],
            "private_ipv6_google_access": "",
            "project": "flask-academic",
            "release_channel": [
              {
                "channel": "REGULAR"
              }
            ],
            "remove_default_node_pool": null,
            "resource_labels": {},
            "resource_usage_export_config": [],
            "security_posture_config": [
              {
                "mode": "MODE_UNSPECIFIED",
                "vulnerability_mode": "VULNERABILITY_MODE_UNSPECIFIED"
              }
            ],
            "self_link": "https://container.googleapis.com/v1/projects/flask-academic/zones/europe-west1-b/clusters/my-gke-cluster",
            "service_external_ips_config": [
              {
                "enabled": false
              }
            ],
            "services_ipv4_cidr": "10.3.240.0/20",
            "subnetwork": "projects/flask-academic/regions/europe-west1/subnetworks/default",
            "timeouts": null,
            "tpu_ipv4_cidr_block": "",
            "vertical_pod_autoscaling": [],
            "workload_identity_config": []
          },
          "sensitive_attributes": [],
          "private": "eyJlMmJmYjczMC1lY2FhLTExZTYtOGY4OC0zNDM2M2JjN2M0YzAiOnsiY3JlYXRlIjoyNDAwMDAwMDAwMDAwLCJkZWxldGUiOjI0MDAwMDAwMDAwMDAsInJlYWQiOjI0MDAwMDAwMDAwMDAsInVwZGF0ZSI6MzYwMDAwMDAwMDAwMH0sInNjaGVtYV92ZXJzaW9uIjoiMSJ9"
        }
      ]
    },
    {
      "mode": "managed",
      "type": "google_sql_database_instance",
      "name": "my_db_instance",
      "provider": "provider[\"registry.terraform.io/hashicorp/google\"]",
      "instances": [
        {
          "schema_version": 0,
          "attributes": {
            "available_maintenance_versions": [],
            "clone": [],
            "connection_name": "flask-academic:europe-west1:my-database-instance",
            "database_version": "MYSQL_8_0",
            "deletion_protection": true,
            "encryption_key_name": null,
            "first_ip_address": "34.77.59.170",
            "id": "my-database-instance",
            "instance_type": "CLOUD_SQL_INSTANCE",
            "ip_address": [
              {
                "ip_address": "34.77.59.170",
                "time_to_retire": "",
                "type": "PRIMARY"
              }
            ],
            "maintenance_version": "MYSQL_8_0_31.R20230624.00_05",
            "master_instance_name": "",
            "name": "my-database-instance",
            "private_ip_address": "",
            "project": "flask-academic",
            "public_ip_address": "34.77.59.170",
            "region": "europe-west1",
            "replica_configuration": [],
            "restore_backup_context": [],
            "root_password": null,
            "self_link": "https://sqladmin.googleapis.com/sql/v1beta4/projects/flask-academic/instances/my-database-instance",
            "server_ca_cert": [
              {
                "cert": "-----BEGIN CERTIFICATE-----\nMIIDfzCCAmegAwIBAgIBADANBgkqhkiG9w0BAQsFADB3MS0wKwYDVQQuEyQwNjZi\nYjQzNC1hMmE2LTQ0ZGEtODA2Ni1lMTM2MGMyNmYwMTExIzAhBgNVBAMTGkdvb2ds\nZSBDbG91ZCBTUUwgU2VydmVyIENBMRQwEgYDVQQKEwtHb29nbGUsIEluYzELMAkG\nA1UEBhMCVVMwHhcNMjMwODA5MTM1NjMyWhcNMzMwODA2MTM1NzMyWjB3MS0wKwYD\nVQQuEyQwNjZiYjQzNC1hMmE2LTQ0ZGEtODA2Ni1lMTM2MGMyNmYwMTExIzAhBgNV\nBAMTGkdvb2dsZSBDbG91ZCBTUUwgU2VydmVyIENBMRQwEgYDVQQKEwtHb29nbGUs\nIEluYzELMAkGA1UEBhMCVVMwggEiMA0GCSqGSIb3DQEBAQUAA4IBDwAwggEKAoIB\nAQCrV95VSAhfaBl20lxypxikYjYrpaXUdb6ggnh98lXOgP7dwa4NKIRA1Uf5Jyji\nTnKI0+tZ16j4QuZkZTOLZhXzX3JLxERPbn1xb3f6m/jKFWKnDZYONnkYEA+Zpo/O\nI5S0BFGLOtE3lMvFgpIXwFVTDg51b8EPKHxvRDrE+K+x8+rL9Q+rbr+GY0ktW+jM\nASNc3taKRhwzQG3l/1NPnWlToTbvy87vgcadiadn0gqdMPK/dRWfw0xU0qPWxS26\nGtygtiLxoqCGt5CU9uRiXG8z2yhN4Hms1CG7SCQLVMVmAIFtAJU29fwHciZCQ055\nixd2Bz/c7KBwDteRx2ygaTJZAgMBAAGjFjAUMBIGA1UdEwEB/wQIMAYBAf8CAQAw\nDQYJKoZIhvcNAQELBQADggEBAIkIhT1fXPdu9Ps6j4tjDm5SNPOtm5KsHTIDLcJz\nKsSZDserbXfLYRORk3cUITf4xP1S5yjMOvv4DZBcTHbQleFf2mTiLHIhuBv5m9PE\nvbxxr+Qcj2oeVQ0PrIiVqRYXY0SvFozd4wppJfOR2Fb30hfHB7O/9UvWi1ZQ3bXg\nVlArIofnG5JprvU9LDQY37aF3k3yqpO6O31CGFXlG7mpXBtNyuaZNEvjq1bmu+nP\n+fROLykfuX8vWmpw57SYPdKWdU2qMHP5cM1mle1kVHHpqkwFN8/3gmfwKwuTgqJB\nfm8uDLcxX3fNO9yYkN0cUZi6pwrANNi4QgdBtzPUzhER3So=\n-----END CERTIFICATE-----",
                "common_name": "C=US,O=Google\\, Inc,CN=Google Cloud SQL Server CA,dnQualifier=066bb434-a2a6-44da-8066-e1360c26f011",
                "create_time": "2023-08-09T13:56:32.972Z",
                "expiration_time": "2033-08-06T13:57:32.972Z",
                "sha1_fingerprint": "f596719581f04c7b899947399b128f0b11a5ec23"
              }
            ],
            "service_account_email_address": "p1059066996785-cxx025@gcp-sa-cloud-sql.iam.gserviceaccount.com",
            "settings": [
              {
                "activation_policy": "ALWAYS",
                "active_directory_config": [],
                "advanced_machine_features": [],
                "availability_type": "ZONAL",
                "backup_configuration": [
                  {
                    "backup_retention_settings": [
                      {
                        "retained_backups": 7,
                        "retention_unit": "COUNT"
                      }
                    ],
                    "binary_log_enabled": false,
                    "enabled": true,
                    "location": "",
                    "point_in_time_recovery_enabled": false,
                    "start_time": "04:00",
                    "transaction_log_retention_days": 7
                  }
                ],
                "collation": "",
                "connector_enforcement": "NOT_REQUIRED",
                "data_cache_config": [],
                "database_flags": [],
                "deletion_protection_enabled": false,
                "deny_maintenance_period": [],
                "disk_autoresize": true,
                "disk_autoresize_limit": 0,
                "disk_size": 10,
                "disk_type": "PD_SSD",
                "edition": "",
                "insights_config": [],
                "ip_configuration": [
                  {
                    "allocated_ip_range": "",
                    "authorized_networks": [],
                    "enable_private_path_for_google_cloud_services": false,
                    "ipv4_enabled": true,
                    "private_network": "",
                    "require_ssl": false
                  }
                ],
                "location_preference": [
                  {
                    "follow_gae_application": "",
                    "secondary_zone": "",
                    "zone": "europe-west1-d"
                  }
                ],
                "maintenance_window": [],
                "password_validation_policy": [],
                "pricing_plan": "PER_USE",
                "sql_server_audit_config": [],
                "tier": "db-f1-micro",
                "time_zone": "",
                "user_labels": {},
                "version": 2
              }
            ],
            "timeouts": null
          },
          "sensitive_attributes": [],
          "private": "eyJlMmJmYjczMC1lY2FhLTExZTYtOGY4OC0zNDM2M2JjN2M0YzAiOnsiY3JlYXRlIjoyNDAwMDAwMDAwMDAwLCJkZWxldGUiOjE4MDAwMDAwMDAwMDAsInVwZGF0ZSI6MTgwMDAwMDAwMDAwMH19"
        }
      ]
    }
  ],
  "check_results": null
}
